
Microsoft Visual Studio Solution File, Format Version 12.00
# Visual Studio Version 16
VisualStudioVersion = 16.0.31424.327
MinimumVisualStudioVersion = 10.0.40219.1
Project("{9A19103F-16F7-4668-BE54-9A1E7A4F7556}") = "FoodPlanner", "FoodPlanner\FoodPlanner.csproj", "{3BC7304C-4027-4EE2-9C40-E6269E49777C}"
EndProject
Project("{9A19103F-16F7-4668-BE54-9A1E7A4F7556}") = "FoodPlanner.DataLayer", "FoodPlanner.DataLayer\FoodPlanner.DataLayer.csproj", "{B4947784-A587-4E23-AE2D-95381B5F6067}"
EndProject
Project("{9A19103F-16F7-4668-BE54-9A1E7A4F7556}") = "FoodPlanner.Services", "FoodPlanner.Services\FoodPlanner.Services.csproj", "{B97C7736-CC19-4986-A628-BBC32E187DE1}"
EndProject
Global
	GlobalSection(SolutionConfigurationPlatforms) = preSolution
		Debug|Any CPU = Debug|Any CPU
		Release|Any CPU = Release|Any CPU
	EndGlobalSection
	GlobalSection(ProjectConfigurationPlatforms) = postSolution
		{3BC7304C-4027-4EE2-9C40-E6269E49777C}.Debug|Any CPU.ActiveCfg = Debug|Any CPU
		{3BC7304C-4027-4EE2-9C40-E6269E49777C}.Debug|Any CPU.Build.0 = Debug|Any CPU
		{3BC7304C-4027-4EE2-9C40-E6269E49777C}.Release|Any CPU.ActiveCfg = Release|Any CPU
		{3BC7304C-4027-4EE2-9C40-E6269E49777C}.Release|Any CPU.Build.0 = Release|Any CPU
		{B4947784-A587-4E23-AE2D-95381B5F6067}.Debug|Any CPU.ActiveCfg = Debug|Any CPU
		{B4947784-A587-4E23-AE2D-95381B5F6067}.Debug|Any CPU.Build.0 = Debug|Any CPU
		{B4947784-A587-4E23-AE2D-95381B5F6067}.Release|Any CPU.ActiveCfg = Release|Any CPU
		{B4947784-A587-4E23-AE2D-95381B5F6067}.Release|Any CPU.Build.0 = Release|Any CPU
		{B97C7736-CC19-4986-A628-BBC32E187DE1}.Debug|Any CPU.ActiveCfg = Debug|Any CPU
		{B97C7736-CC19-4986-A628-BBC32E187DE1}.Debug|Any CPU.Build.0 = Debug|Any CPU
		{B97C7736-CC19-4986-A628-BBC32E187DE1}.Release|Any CPU.ActiveCfg = Release|Any CPU
		{B97C7736-CC19-4986-A628-BBC32E187DE1}.Release|Any CPU.Build.0 = Release|Any CPU
	EndGlobalSection
	GlobalSection(SolutionProperties) = preSolution
		HideSolutionNode = FALSE
	EndGlobalSection
	GlobalSection(ExtensibilityGlobals) = postSolution
		SolutionGuid = {938D26D1-C7D8-4E89-A390-AC6867715F2D}
	EndGlobalSection
EndGlobal
